
Microsoft Visual Studio Solution File, Format Version 12.00
Project("{FAE04EC0-301F-11D3-BF4B-00C04F79EFBC}") = "Bank-project", "Bank-project\Bank-project.csproj", "{A35CF110-A70B-4921-B1DF-03CB0C21C009}"
EndProject
Global
	GlobalSection(SolutionConfigurationPlatforms) = preSolution
		Debug|Any CPU = Debug|Any CPU
		Release|Any CPU = Release|Any CPU
	EndGlobalSection
	GlobalSection(ProjectConfigurationPlatforms) = postSolution
		{A35CF110-A70B-4921-B1DF-03CB0C21C009}.Debug|Any CPU.ActiveCfg = Debug|Any CPU
		{A35CF110-A70B-4921-B1DF-03CB0C21C009}.Debug|Any CPU.Build.0 = Debug|Any CPU
		{A35CF110-A70B-4921-B1DF-03CB0C21C009}.Release|Any CPU.ActiveCfg = Release|Any CPU
		{A35CF110-A70B-4921-B1DF-03CB0C21C009}.Release|Any CPU.Build.0 = Release|Any CPU
	EndGlobalSection
EndGlobal
